{
  "name": "sample_app",
  "version": "1.0.0",
  "lockfileVersion": 1,
  "requires": true,
  "dependencies": {
    "git": {
      "version": "0.1.5",
      "resolved": "https://registry.npmjs.org/git/-/git-0.1.5.tgz",
      "integrity": "sha1-nvYt+T+FHCdUIUO/UtHGixAXyhU=",
      "requires": {
        "mime": "1.2.9"
      }
    },
    "mime": {
      "version": "1.2.9",
      "resolved": "https://registry.npmjs.org/mime/-/mime-1.2.9.tgz",
      "integrity": "sha1-AJzUCGe9Nd5SGzuWbwTi+NTRPQk="
    },
    "mongodg": {
      "version": "0.1.0",
      "resolved": "https://registry.npmjs.org/mongodg/-/mongodg-0.1.0.tgz",
      "integrity": "sha1-+5YcLxghr1kE1sCdN7Xft41MoyM="
    },
    "node": {
      "version": "11.12.0",
      "resolved": "https://registry.npmjs.org/node/-/node-11.12.0.tgz",
      "integrity": "sha512-um2HVV67QzgmYnfrT6XszwwUT7S/i5nzIls68jEYOfVFJye+0ta2leda2ZWYUHzAajbUYyMp312v+1yYh0Jixw==",
      "requires": {
        "node-bin-setup": "^1.0.0"
      }
    },
    "node-bin-setup": {
      "version": "1.0.6",
      "resolved": "https://registry.npmjs.org/node-bin-setup/-/node-bin-setup-1.0.6.tgz",
      "integrity": "sha512-uPIxXNis1CRbv1DwqAxkgBk5NFV3s7cMN/Gf556jSw6jBvV7ca4F9lRL/8cALcZecRibeqU+5dFYqFFmzv5a0Q=="
    }
  }
}
